
Microsoft Visual Studio Solution File, Format Version 12.00
# Visual Studio 15
VisualStudioVersion = 15.0.28010.2036
MinimumVisualStudioVersion = 10.0.40219.1
Project("{FAE04EC0-301F-11D3-BF4B-00C04F79EFBC}") = "SegurosElFeliz", "SegurosElFeliz\SegurosElFeliz.csproj", "{C36B87C9-7394-48C4-9600-92B2F5BAD630}"
EndProject
Project("{FAE04EC0-301F-11D3-BF4B-00C04F79EFBC}") = "SEFEntidades", "SEFEntidades\SEFEntidades.csproj", "{72037CDB-7B96-4775-A84A-C3BD60FE885F}"
EndProject
Project("{FAE04EC0-301F-11D3-BF4B-00C04F79EFBC}") = "SEFDatos", "SEFDatos\SEFDatos.csproj", "{3359CAD1-CA94-4B3D-A335-9385B63F6F60}"
EndProject
Project("{FAE04EC0-301F-11D3-BF4B-00C04F79EFBC}") = "SEFNegocios", "SEFNegocios\SEFNegocios.csproj", "{57CD6966-2E70-4A9E-B74F-B29E86E2EBB3}"
EndProject
Global
	GlobalSection(SolutionConfigurationPlatforms) = preSolution
		Debug|Any CPU = Debug|Any CPU
		Release|Any CPU = Release|Any CPU
	EndGlobalSection
	GlobalSection(ProjectConfigurationPlatforms) = postSolution
		{C36B87C9-7394-48C4-9600-92B2F5BAD630}.Debug|Any CPU.ActiveCfg = Debug|Any CPU
		{C36B87C9-7394-48C4-9600-92B2F5BAD630}.Debug|Any CPU.Build.0 = Debug|Any CPU
		{C36B87C9-7394-48C4-9600-92B2F5BAD630}.Release|Any CPU.ActiveCfg = Release|Any CPU
		{C36B87C9-7394-48C4-9600-92B2F5BAD630}.Release|Any CPU.Build.0 = Release|Any CPU
		{72037CDB-7B96-4775-A84A-C3BD60FE885F}.Debug|Any CPU.ActiveCfg = Debug|Any CPU
		{72037CDB-7B96-4775-A84A-C3BD60FE885F}.Debug|Any CPU.Build.0 = Debug|Any CPU
		{72037CDB-7B96-4775-A84A-C3BD60FE885F}.Release|Any CPU.ActiveCfg = Release|Any CPU
		{72037CDB-7B96-4775-A84A-C3BD60FE885F}.Release|Any CPU.Build.0 = Release|Any CPU
		{3359CAD1-CA94-4B3D-A335-9385B63F6F60}.Debug|Any CPU.ActiveCfg = Debug|Any CPU
		{3359CAD1-CA94-4B3D-A335-9385B63F6F60}.Debug|Any CPU.Build.0 = Debug|Any CPU
		{3359CAD1-CA94-4B3D-A335-9385B63F6F60}.Release|Any CPU.ActiveCfg = Release|Any CPU
		{3359CAD1-CA94-4B3D-A335-9385B63F6F60}.Release|Any CPU.Build.0 = Release|Any CPU
		{57CD6966-2E70-4A9E-B74F-B29E86E2EBB3}.Debug|Any CPU.ActiveCfg = Debug|Any CPU
		{57CD6966-2E70-4A9E-B74F-B29E86E2EBB3}.Debug|Any CPU.Build.0 = Debug|Any CPU
		{57CD6966-2E70-4A9E-B74F-B29E86E2EBB3}.Release|Any CPU.ActiveCfg = Release|Any CPU
		{57CD6966-2E70-4A9E-B74F-B29E86E2EBB3}.Release|Any CPU.Build.0 = Release|Any CPU
	EndGlobalSection
	GlobalSection(SolutionProperties) = preSolution
		HideSolutionNode = FALSE
	EndGlobalSection
	GlobalSection(ExtensibilityGlobals) = postSolution
		SolutionGuid = {77E1D690-3E36-46D8-8F38-22EDE0A9531B}
	EndGlobalSection
EndGlobal
